// !$*UTF8*$!
{
	archiveVersion = 1;
	classes = {
	};
	objectVersion = 77;
	objects = {

/* Begin PBXBuildFile section */
		CC564D082F5FD40F008BE78E /* GoogleSignIn in Frameworks */ = {isa = PBXBuildFile; productRef = CC564D072F5FD40F008BE78E /* GoogleSignIn */; };
		CC564D0A2F5FD416008BE78E /* GoogleSignInSwift in Frameworks */ = {isa = PBXBuildFile; productRef = CC564D092F5FD416008BE78E /* GoogleSignInSwift */; };
		CCA100001122334455667711 /* ShareCardView.swift in Sources */ = {isa = PBXBuildFile; fileRef = CCA100001122334455667701 /* ShareCardView.swift */; };
		CCA100001122334455667712 /* ShareCardRenderer.swift in Sources */ = {isa = PBXBuildFile; fileRef = CCA100001122334455667702 /* ShareCardRenderer.swift */; };
		CCA100001122334455667713 /* ShareCardFileStore.swift in Sources */ = {isa = PBXBuildFile; fileRef = CCA100001122334455667703 /* ShareCardFileStore.swift */; };
		CCA100001122334455667714 /* PremiumTabScreen.swift in Sources */ = {isa = PBXBuildFile; fileRef = CCA100001122334455667704 /* PremiumTabScreen.swift */; };
		CCAA00001100000000000011 /* SupabaseConfig.swift in Sources */ = {isa = PBXBuildFile; fileRef = CCAA00001100000000000001 /* SupabaseConfig.swift */; };
		CCAA00001100000000000014 /* TelemetryService.swift in Sources */ = {isa = PBXBuildFile; fileRef = CCAA00001100000000000004 /* TelemetryService.swift */; };
		CCAB0BA1ASSET00000C29A7E /* Assets.xcassets in Resources */ = {isa = PBXBuildFile; fileRef = CCAB0BA12F5D780200C29A7E /* Assets.xcassets */; };
		CCAB0BAD2F5D780200C29A7E /* TypePromptView.swift in Sources */ = {isa = PBXBuildFile; fileRef = CCAB0B862F5D780200C29A7E /* TypePromptView.swift */; };
		CCAB0BAF2F5D780200C29A7E /* HistoryView.swift in Sources */ = {isa = PBXBuildFile; fileRef = CCAB0B7D2F5D780200C29A7E /* HistoryView.swift */; };
		CCAB0BB02F5D780200C29A7E /* FavoritesView.swift in Sources */ = {isa = PBXBuildFile; fileRef = CCAB0B7C2F5D780200C29A7E /* FavoritesView.swift */; };
		CCAB0BB12F5D780200C29A7E /* UpgradeView.swift in Sources */ = {isa = PBXBuildFile; fileRef = CCAB0B8C2F5D780200C29A7E /* UpgradeView.swift */; };
		CCAB0BB22F5D780200C29A7E /* AppPreferences.swift in Sources */ = {isa = PBXBuildFile; fileRef = CCAB0B9C2F5D780200C29A7E /* AppPreferences.swift */; };
		CCAB0BB52F5D780200C29A7E /* ResultView.swift in Sources */ = {isa = PBXBuildFile; fileRef = CCAB0B852F5D780200C29A7E /* ResultView.swift */; };
		CCAB0BB62F5D780200C29A7E /* TrendingViewModel.swift in Sources */ = {isa = PBXBuildFile; fileRef = CCAB0B8F2F5D780200C29A7E /* TrendingViewModel.swift */; };
		CCAB0BB72F5D780200C29A7E /* OrbEngine.swift in Sources */ = {isa = PBXBuildFile; fileRef = CCAB0B562F5D780200C29A7E /* OrbEngine.swift */; };
		CCAB0BB82F5D780200C29A7E /* OrbView.swift in Sources */ = {isa = PBXBuildFile; fileRef = CCAB0B842F5D780200C29A7E /* OrbView.swift */; };
		CCAB0BB92F5D780200C29A7E /* AdminCategoriesView.swift in Sources */ = {isa = PBXBuildFile; fileRef = CCAB0B6C2F5D780200C29A7E /* AdminCategoriesView.swift */; };
		CCAB0BBA2F5D780200C29A7E /* KeychainService.swift in Sources */ = {isa = PBXBuildFile; fileRef = CCAB0B5A2F5D780200C29A7E /* KeychainService.swift */; };
		CCAB0BBB2F5D780200C29A7E /* PromptHistoryItem.swift in Sources */ = {isa = PBXBuildFile; fileRef = CCAB0B9D2F5D780200C29A7E /* PromptHistoryItem.swift */; };
		CCAB0BBC2F5D780200C29A7E /* NetworkError.swift in Sources */ = {isa = PBXBuildFile; fileRef = CCAB0B5F2F5D780200C29A7E /* NetworkError.swift */; };
		CCAB0BBE2F5D780200C29A7E /* GenerateModels.swift in Sources */ = {isa = PBXBuildFile; fileRef = CCAB0B972F5D780200C29A7E /* GenerateModels.swift */; };
		CCAB0BBF2F5D780200C29A7E /* HistoryViewModel.swift in Sources */ = {isa = PBXBuildFile; fileRef = CCAB0B7A2F5D780200C29A7E /* HistoryViewModel.swift */; };
		CCAB0BC02F5D780200C29A7E /* OrionOrbApp.swift in Sources */ = {isa = PBXBuildFile; fileRef = CCAB0BAB2F5D780200C29A7E /* OrionOrbApp.swift */; };
		CCAB0BC12F5D780200C29A7E /* OAuthCoordinator.swift in Sources */ = {isa = PBXBuildFile; fileRef = CCAB0B5B2F5D780200C29A7E /* OAuthCoordinator.swift */; };
		CCAB0BC22F5D780200C29A7E /* AuthModels.swift in Sources */ = {isa = PBXBuildFile; fileRef = CCAB0B962F5D780200C29A7E /* AuthModels.swift */; };
		CCAB0BC32F5D780200C29A7E /* SpeechRecognizerService.swift in Sources */ = {isa = PBXBuildFile; fileRef = CCAB0B572F5D780200C29A7E /* SpeechRecognizerService.swift */; };
		CCAB0BC42F5D780200C29A7E /* EmailAuthView.swift in Sources */ = {isa = PBXBuildFile; fileRef = CCAB0B772F5D780200C29A7E /* EmailAuthView.swift */; };
		CCAB0BC52F5D780200C29A7E /* AppEnvironment.swift in Sources */ = {isa = PBXBuildFile; fileRef = CCAB0B532F5D780200C29A7E /* AppEnvironment.swift */; };
		CCAB0BC62F5D780200C29A7E /* AuthManager.swift in Sources */ = {isa = PBXBuildFile; fileRef = CCAB0B592F5D780200C29A7E /* AuthManager.swift */; };
		CCAB0BC72F5D780200C29A7E /* AdminTextSettingsView.swift in Sources */ = {isa = PBXBuildFile; fileRef = CCAB0B702F5D780200C29A7E /* AdminTextSettingsView.swift */; };
		CCAB0BC82F5D780200C29A7E /* AdminPromptsView.swift in Sources */ = {isa = PBXBuildFile; fileRef = CCAB0B6F2F5D780200C29A7E /* AdminPromptsView.swift */; };
		CCAB0BC92F5D780200C29A7E /* RootView.swift in Sources */ = {isa = PBXBuildFile; fileRef = CCAB0B542F5D780200C29A7E /* RootView.swift */; };
		CCAB0BCA2F5D780200C29A7E /* AdminDashboardView.swift in Sources */ = {isa = PBXBuildFile; fileRef = CCAB0B6D2F5D780200C29A7E /* AdminDashboardView.swift */; };
		CCAB0BCB2F5D780200C29A7E /* SettingsModels.swift in Sources */ = {isa = PBXBuildFile; fileRef = CCAB0B992F5D780200C29A7E /* SettingsModels.swift */; };
		CCAB0BCC2F5D780200C29A7E /* Date+Extensions.swift in Sources */ = {isa = PBXBuildFile; fileRef = CCAB0B662F5D780200C29A7E /* Date+Extensions.swift */; };
		CCAB0BCD2F5D780200C29A7E /* AuthViewModel.swift in Sources */ = {isa = PBXBuildFile; fileRef = CCAB0B742F5D780200C29A7E /* AuthViewModel.swift */; };
		CCAB0BCE2F5D780200C29A7E /* AuthFlowView.swift in Sources */ = {isa = PBXBuildFile; fileRef = CCAB0B762F5D780200C29A7E /* AuthFlowView.swift */; };
		CCAB0BCF2F5D780200C29A7E /* APIEndpoint.swift in Sources */ = {isa = PBXBuildFile; fileRef = CCAB0B5E2F5D780200C29A7E /* APIEndpoint.swift */; };
		CCAB0BD02F5D780200C29A7E /* PromptCatalogModels.swift in Sources */ = {isa = PBXBuildFile; fileRef = CCAB0B982F5D780200C29A7E /* PromptCatalogModels.swift */; };
		CCAB0BD12F5D780200C29A7E /* PromptDetailView.swift in Sources */ = {isa = PBXBuildFile; fileRef = CCAB0B912F5D780200C29A7E /* PromptDetailView.swift */; };
		CCAB0BD22F5D780200C29A7E /* AdminUnlockView.swift in Sources */ = {isa = PBXBuildFile; fileRef = CCAB0B712F5D780200C29A7E /* AdminUnlockView.swift */; };
		CCAB0BD32F5D780200C29A7E /* HistoryStore.swift in Sources */ = {isa = PBXBuildFile; fileRef = CCAB0B622F5D780200C29A7E /* HistoryStore.swift */; };
		CCAB0BD42F5D780200C29A7E /* RequestBuilder.swift in Sources */ = {isa = PBXBuildFile; fileRef = CCAB0B602F5D780200C29A7E /* RequestBuilder.swift */; };
		CCAB0BD52F5D780200C29A7E /* User.swift in Sources */ = {isa = PBXBuildFile; fileRef = CCAB0B9A2F5D780200C29A7E /* User.swift */; };
		CCAB0BD72F5D780200C29A7E /* SecureStore.swift in Sources */ = {isa = PBXBuildFile; fileRef = CCAB0B642F5D780200C29A7E /* SecureStore.swift */; };
		CCAB0BD92F5D780200C29A7E /* APIClient.swift in Sources */ = {isa = PBXBuildFile; fileRef = CCAB0B5D2F5D780200C29A7E /* APIClient.swift */; };
		CCAB0BDA2F5D780200C29A7E /* AdminViewModel.swift in Sources */ = {isa = PBXBuildFile; fileRef = CCAB0B6A2F5D780200C29A7E /* AdminViewModel.swift */; };
		CCAB0BDB2F5D780200C29A7E /* JSONCoding.swift in Sources */ = {isa = PBXBuildFile; fileRef = CCAB0B672F5D780200C29A7E /* JSONCoding.swift */; };
		CCAB0BDC2F5D780200C29A7E /* PreferencesStore.swift in Sources */ = {isa = PBXBuildFile; fileRef = CCAB0B632F5D780200C29A7E /* PreferencesStore.swift */; };
		CCAB0BDD2F5D780200C29A7E /* AppRouter.swift in Sources */ = {isa = PBXBuildFile; fileRef = CCAB0B512F5D780200C29A7E /* AppRouter.swift */; };
		CCAB0BDE2F5D780200C29A7E /* SettingsViewModel.swift in Sources */ = {isa = PBXBuildFile; fileRef = CCAB0B892F5D780200C29A7E /* SettingsViewModel.swift */; };
		CCAB0BDF2F5D780200C29A7E /* AdminPromptEditorSheet.swift in Sources */ = {isa = PBXBuildFile; fileRef = CCAB0B6E2F5D780200C29A7E /* AdminPromptEditorSheet.swift */; };
		CCAB0BE02F5D780200C29A7E /* GenerateViewModel.swift in Sources */ = {isa = PBXBuildFile; fileRef = CCAB0B802F5D780200C29A7E /* GenerateViewModel.swift */; };
		CCAB0BE12F5D780200C29A7E /* SettingsView.swift in Sources */ = {isa = PBXBuildFile; fileRef = CCAB0B8B2F5D780200C29A7E /* SettingsView.swift */; };
		CCAB0BE22F5D780200C29A7E /* TrendingView.swift in Sources */ = {isa = PBXBuildFile; fileRef = CCAB0B922F5D780200C29A7E /* TrendingView.swift */; };
		CCAB0BE32F5D780200C29A7E /* HomeView.swift in Sources */ = {isa = PBXBuildFile; fileRef = CCAB0B832F5D780200C29A7E /* HomeView.swift */; };
		CCAB0BF12F5D780200C29A7E /* AppUI.swift in Sources */ = {isa = PBXBuildFile; fileRef = CCAB0BF02F5D780200C29A7E /* AppUI.swift */; };
		CCAB0BF22F5D780200C29A7E /* HomeViewModel.swift in Sources */ = {isa = PBXBuildFile; fileRef = CCAB0B812F5D780200C29A7E /* HomeViewModel.swift */; };
		CCAB0C012F5D780200C29A7E /* MetalOrbView.swift in Sources */ = {isa = PBXBuildFile; fileRef = CCAB0C002F5D780200C29A7E /* MetalOrbView.swift */; };
		CCDE00000000000000000002 /* HapticService.swift in Sources */ = {isa = PBXBuildFile; fileRef = CCDE00000000000000000001 /* HapticService.swift */; };
		CCDE00000000000000000004 /* AnalyticsService.swift in Sources */ = {isa = PBXBuildFile; fileRef = CCDE00000000000000000003 /* AnalyticsService.swift */; };
		CCDE00000000000000000008 /* PrivacyInfo.xcprivacy in Resources */ = {isa = PBXBuildFile; fileRef = CCDE00000000000000000007 /* PrivacyInfo.xcprivacy */; };
		CCDE00000000000000000011 /* StoreConfig.swift in Sources */ = {isa = PBXBuildFile; fileRef = CCDE00000000000000000010 /* StoreConfig.swift */; };
		CCDE00000000000000000013 /* StoreManager.swift in Sources */ = {isa = PBXBuildFile; fileRef = CCDE00000000000000000012 /* StoreManager.swift */; };
		CCDE00000000000000000016 /* NotificationService.swift in Sources */ = {isa = PBXBuildFile; fileRef = CCDE00000000000000000015 /* NotificationService.swift */; };
		CCDE00000000000000000019 /* UsageTracker.swift in Sources */ = {isa = PBXBuildFile; fileRef = CCDE00000000000000000018 /* UsageTracker.swift */; };
		CCE5A6052F6B190900F16A24 /* Supabase in Frameworks */ = {isa = PBXBuildFile; productRef = CCE5A6042F6B190900F16A24 /* Supabase */; };
		CCORBIT001122334455667701 /* OrbitLogoView.swift in Sources */ = {isa = PBXBuildFile; fileRef = CCORBIT001122334455667700 /* OrbitLogoView.swift */; };
/* End PBXBuildFile section */

/* Begin PBXContainerItemProxy section */
		CCD1CE092F5C55FC00566BCF /* PBXContainerItemProxy */ = {
			isa = PBXContainerItemProxy;
			containerPortal = CCD1CDF12F5C55F700566BCF /* Project object */;
			proxyType = 1;
			remoteGlobalIDString = CCD1CDF82F5C55F700566BCF;
			remoteInfo = Prompt28;
		};
		CCD1CE132F5C55FC00566BCF /* PBXContainerItemProxy */ = {
			isa = PBXContainerItemProxy;
			containerPortal = CCD1CDF12F5C55F700566BCF /* Project object */;
			proxyType = 1;
			remoteGlobalIDString = CCD1CDF82F5C55F700566BCF;
			remoteInfo = Prompt28;
		};
/* End PBXContainerItemProxy section */

/* Begin PBXFileReference section */
		CCA100001122334455667701 /* ShareCardView.swift */ = {isa = PBXFileReference; lastKnownFileType = sourcecode.swift; path = ShareCardView.swift; sourceTree = "<group>"; };
		CCA100001122334455667702 /* ShareCardRenderer.swift */ = {isa = PBXFileReference; lastKnownFileType = sourcecode.swift; path = ShareCardRenderer.swift; sourceTree = "<group>"; };
		CCA100001122334455667703 /* ShareCardFileStore.swift */ = {isa = PBXFileReference; lastKnownFileType = sourcecode.swift; path = ShareCardFileStore.swift; sourceTree = "<group>"; };
		CCA100001122334455667704 /* PremiumTabScreen.swift */ = {isa = PBXFileReference; lastKnownFileType = sourcecode.swift; path = PremiumTabScreen.swift; sourceTree = "<group>"; };
		CCAA00001100000000000001 /* SupabaseConfig.swift */ = {isa = PBXFileReference; lastKnownFileType = sourcecode.swift; path = SupabaseConfig.swift; sourceTree = "<group>"; };
		CCAA00001100000000000004 /* TelemetryService.swift */ = {isa = PBXFileReference; lastKnownFileType = sourcecode.swift; path = TelemetryService.swift; sourceTree = "<group>"; };
		CCAB0B512F5D780200C29A7E /* AppRouter.swift */ = {isa = PBXFileReference; lastKnownFileType = sourcecode.swift; path = AppRouter.swift; sourceTree = "<group>"; };
		CCAB0B532F5D780200C29A7E /* AppEnvironment.swift */ = {isa = PBXFileReference; lastKnownFileType = sourcecode.swift; path = AppEnvironment.swift; sourceTree = "<group>"; };
		CCAB0B542F5D780200C29A7E /* RootView.swift */ = {isa = PBXFileReference; lastKnownFileType = sourcecode.swift; path = RootView.swift; sourceTree = "<group>"; };
		CCAB0B562F5D780200C29A7E /* OrbEngine.swift */ = {isa = PBXFileReference; lastKnownFileType = sourcecode.swift; path = OrbEngine.swift; sourceTree = "<group>"; };
		CCAB0B572F5D780200C29A7E /* SpeechRecognizerService.swift */ = {isa = PBXFileReference; lastKnownFileType = sourcecode.swift; path = SpeechRecognizerService.swift; sourceTree = "<group>"; };
		CCAB0B592F5D780200C29A7E /* AuthManager.swift */ = {isa = PBXFileReference; lastKnownFileType = sourcecode.swift; path = AuthManager.swift; sourceTree = "<group>"; };
		CCAB0B5A2F5D780200C29A7E /* KeychainService.swift */ = {isa = PBXFileReference; lastKnownFileType = sourcecode.swift; path = KeychainService.swift; sourceTree = "<group>"; };
		CCAB0B5B2F5D780200C29A7E /* OAuthCoordinator.swift */ = {isa = PBXFileReference; lastKnownFileType = sourcecode.swift; path = OAuthCoordinator.swift; sourceTree = "<group>"; };
		CCAB0B5D2F5D780200C29A7E /* APIClient.swift */ = {isa = PBXFileReference; lastKnownFileType = sourcecode.swift; path = APIClient.swift; sourceTree = "<group>"; };
		CCAB0B5E2F5D780200C29A7E /* APIEndpoint.swift */ = {isa = PBXFileReference; lastKnownFileType = sourcecode.swift; path = APIEndpoint.swift; sourceTree = "<group>"; };
		CCAB0B5F2F5D780200C29A7E /* NetworkError.swift */ = {isa = PBXFileReference; lastKnownFileType = sourcecode.swift; path = NetworkError.swift; sourceTree = "<group>"; };
		CCAB0B602F5D780200C29A7E /* RequestBuilder.swift */ = {isa = PBXFileReference; lastKnownFileType = sourcecode.swift; path = RequestBuilder.swift; sourceTree = "<group>"; };
		CCAB0B622F5D780200C29A7E /* HistoryStore.swift */ = {isa = PBXFileReference; lastKnownFileType = sourcecode.swift; path = HistoryStore.swift; sourceTree = "<group>"; };
		CCAB0B632F5D780200C29A7E /* PreferencesStore.swift */ = {isa = PBXFileReference; lastKnownFileType = sourcecode.swift; path = PreferencesStore.swift; sourceTree = "<group>"; };
		CCAB0B642F5D780200C29A7E /* SecureStore.swift */ = {isa = PBXFileReference; lastKnownFileType = sourcecode.swift; path = SecureStore.swift; sourceTree = "<group>"; };
		CCAB0B662F5D780200C29A7E /* Date+Extensions.swift */ = {isa = PBXFileReference; lastKnownFileType = sourcecode.swift; path = "Date+Extensions.swift"; sourceTree = "<group>"; };
		CCAB0B672F5D780200C29A7E /* JSONCoding.swift */ = {isa = PBXFileReference; lastKnownFileType = sourcecode.swift; path = JSONCoding.swift; sourceTree = "<group>"; };
		CCAB0B6A2F5D780200C29A7E /* AdminViewModel.swift */ = {isa = PBXFileReference; lastKnownFileType = sourcecode.swift; path = AdminViewModel.swift; sourceTree = "<group>"; };
		CCAB0B6C2F5D780200C29A7E /* AdminCategoriesView.swift */ = {isa = PBXFileReference; lastKnownFileType = sourcecode.swift; path = AdminCategoriesView.swift; sourceTree = "<group>"; };
		CCAB0B6D2F5D780200C29A7E /* AdminDashboardView.swift */ = {isa = PBXFileReference; lastKnownFileType = sourcecode.swift; path = AdminDashboardView.swift; sourceTree = "<group>"; };
		CCAB0B6E2F5D780200C29A7E /* AdminPromptEditorSheet.swift */ = {isa = PBXFileReference; lastKnownFileType = sourcecode.swift; path = AdminPromptEditorSheet.swift; sourceTree = "<group>"; };
		CCAB0B6F2F5D780200C29A7E /* AdminPromptsView.swift */ = {isa = PBXFileReference; lastKnownFileType = sourcecode.swift; path = AdminPromptsView.swift; sourceTree = "<group>"; };
		CCAB0B702F5D780200C29A7E /* AdminTextSettingsView.swift */ = {isa = PBXFileReference; lastKnownFileType = sourcecode.swift; path = AdminTextSettingsView.swift; sourceTree = "<group>"; };
		CCAB0B712F5D780200C29A7E /* AdminUnlockView.swift */ = {isa = PBXFileReference; lastKnownFileType = sourcecode.swift; path = AdminUnlockView.swift; sourceTree = "<group>"; };
		CCAB0B742F5D780200C29A7E /* AuthViewModel.swift */ = {isa = PBXFileReference; lastKnownFileType = sourcecode.swift; path = AuthViewModel.swift; sourceTree = "<group>"; };
		CCAB0B762F5D780200C29A7E /* AuthFlowView.swift */ = {isa = PBXFileReference; lastKnownFileType = sourcecode.swift; path = AuthFlowView.swift; sourceTree = "<group>"; };
		CCAB0B772F5D780200C29A7E /* EmailAuthView.swift */ = {isa = PBXFileReference; lastKnownFileType = sourcecode.swift; path = EmailAuthView.swift; sourceTree = "<group>"; };
		CCAB0B7A2F5D780200C29A7E /* HistoryViewModel.swift */ = {isa = PBXFileReference; lastKnownFileType = sourcecode.swift; path = HistoryViewModel.swift; sourceTree = "<group>"; };
		CCAB0B7C2F5D780200C29A7E /* FavoritesView.swift */ = {isa = PBXFileReference; lastKnownFileType = sourcecode.swift; path = FavoritesView.swift; sourceTree = "<group>"; };
		CCAB0B7D2F5D780200C29A7E /* HistoryView.swift */ = {isa = PBXFileReference; lastKnownFileType = sourcecode.swift; path = HistoryView.swift; sourceTree = "<group>"; };
		CCAB0B802F5D780200C29A7E /* GenerateViewModel.swift */ = {isa = PBXFileReference; lastKnownFileType = sourcecode.swift; path = GenerateViewModel.swift; sourceTree = "<group>"; };
		CCAB0B812F5D780200C29A7E /* HomeViewModel.swift */ = {isa = PBXFileReference; lastKnownFileType = sourcecode.swift; path = HomeViewModel.swift; sourceTree = "<group>"; };
		CCAB0B832F5D780200C29A7E /* HomeView.swift */ = {isa = PBXFileReference; lastKnownFileType = sourcecode.swift; path = HomeView.swift; sourceTree = "<group>"; };
		CCAB0B842F5D780200C29A7E /* OrbView.swift */ = {isa = PBXFileReference; lastKnownFileType = sourcecode.swift; path = OrbView.swift; sourceTree = "<group>"; };
		CCAB0B852F5D780200C29A7E /* ResultView.swift */ = {isa = PBXFileReference; lastKnownFileType = sourcecode.swift; path = ResultView.swift; sourceTree = "<group>"; };
		CCAB0B862F5D780200C29A7E /* TypePromptView.swift */ = {isa = PBXFileReference; lastKnownFileType = sourcecode.swift; path = TypePromptView.swift; sourceTree = "<group>"; };
		CCAB0B892F5D780200C29A7E /* SettingsViewModel.swift */ = {isa = PBXFileReference; lastKnownFileType = sourcecode.swift; path = SettingsViewModel.swift; sourceTree = "<group>"; };
		CCAB0B8B2F5D780200C29A7E /* SettingsView.swift */ = {isa = PBXFileReference; lastKnownFileType = sourcecode.swift; path = SettingsView.swift; sourceTree = "<group>"; };
		CCAB0B8C2F5D780200C29A7E /* UpgradeView.swift */ = {isa = PBXFileReference; lastKnownFileType = sourcecode.swift; path = UpgradeView.swift; sourceTree = "<group>"; };
		CCAB0B8F2F5D780200C29A7E /* TrendingViewModel.swift */ = {isa = PBXFileReference; lastKnownFileType = sourcecode.swift; path = TrendingViewModel.swift; sourceTree = "<group>"; };
		CCAB0B912F5D780200C29A7E /* PromptDetailView.swift */ = {isa = PBXFileReference; lastKnownFileType = sourcecode.swift; path = PromptDetailView.swift; sourceTree = "<group>"; };
		CCAB0B922F5D780200C29A7E /* TrendingView.swift */ = {isa = PBXFileReference; lastKnownFileType = sourcecode.swift; path = TrendingView.swift; sourceTree = "<group>"; };
		CCAB0B962F5D780200C29A7E /* AuthModels.swift */ = {isa = PBXFileReference; lastKnownFileType = sourcecode.swift; path = AuthModels.swift; sourceTree = "<group>"; };
		CCAB0B972F5D780200C29A7E /* GenerateModels.swift */ = {isa = PBXFileReference; lastKnownFileType = sourcecode.swift; path = GenerateModels.swift; sourceTree = "<group>"; };
		CCAB0B982F5D780200C29A7E /* PromptCatalogModels.swift */ = {isa = PBXFileReference; lastKnownFileType = sourcecode.swift; path = PromptCatalogModels.swift; sourceTree = "<group>"; };
		CCAB0B992F5D780200C29A7E /* SettingsModels.swift */ = {isa = PBXFileReference; lastKnownFileType = sourcecode.swift; path = SettingsModels.swift; sourceTree = "<group>"; };
		CCAB0B9A2F5D780200C29A7E /* User.swift */ = {isa = PBXFileReference; lastKnownFileType = sourcecode.swift; path = User.swift; sourceTree = "<group>"; };
		CCAB0B9C2F5D780200C29A7E /* AppPreferences.swift */ = {isa = PBXFileReference; lastKnownFileType = sourcecode.swift; path = AppPreferences.swift; sourceTree = "<group>"; };
		CCAB0B9D2F5D780200C29A7E /* PromptHistoryItem.swift */ = {isa = PBXFileReference; lastKnownFileType = sourcecode.swift; path = PromptHistoryItem.swift; sourceTree = "<group>"; };
		CCAB0BA12F5D780200C29A7E /* Assets.xcassets */ = {isa = PBXFileReference; lastKnownFileType = folder.assetcatalog; path = Assets.xcassets; sourceTree = "<group>"; };
		CCAB0BAB2F5D780200C29A7E /* OrionOrbApp.swift */ = {isa = PBXFileReference; lastKnownFileType = sourcecode.swift; path = OrionOrbApp.swift; sourceTree = "<group>"; };
		CCAB0BF02F5D780200C29A7E /* AppUI.swift */ = {isa = PBXFileReference; lastKnownFileType = sourcecode.swift; path = AppUI.swift; sourceTree = "<group>"; };
		CCAB0C002F5D780200C29A7E /* MetalOrbView.swift */ = {isa = PBXFileReference; lastKnownFileType = sourcecode.swift; path = MetalOrbView.swift; sourceTree = "<group>"; };
		CCD1CDF92F5C55F700566BCF /* Prompt28.app */ = {isa = PBXFileReference; explicitFileType = wrapper.application; includeInIndex = 0; path = Prompt28.app; sourceTree = BUILT_PRODUCTS_DIR; };
		CCD1CE082F5C55FC00566BCF /* Prompt28Tests.xctest */ = {isa = PBXFileReference; explicitFileType = wrapper.cfbundle; includeInIndex = 0; path = Prompt28Tests.xctest; sourceTree = BUILT_PRODUCTS_DIR; };
		CCD1CE122F5C55FC00566BCF /* Prompt28UITests.xctest */ = {isa = PBXFileReference; explicitFileType = wrapper.cfbundle; includeInIndex = 0; path = Prompt28UITests.xctest; sourceTree = BUILT_PRODUCTS_DIR; };
		CCDE00000000000000000001 /* HapticService.swift */ = {isa = PBXFileReference; lastKnownFileType = sourcecode.swift; path = HapticService.swift; sourceTree = "<group>"; };
		CCDE00000000000000000003 /* AnalyticsService.swift */ = {isa = PBXFileReference; lastKnownFileType = sourcecode.swift; path = AnalyticsService.swift; sourceTree = "<group>"; };
		CCDE00000000000000000007 /* PrivacyInfo.xcprivacy */ = {isa = PBXFileReference; lastKnownFileType = file.xcprivacy; path = PrivacyInfo.xcprivacy; sourceTree = "<group>"; };
		CCDE00000000000000000010 /* StoreConfig.swift */ = {isa = PBXFileReference; lastKnownFileType = sourcecode.swift; path = StoreConfig.swift; sourceTree = "<group>"; };
		CCDE00000000000000000012 /* StoreManager.swift */ = {isa = PBXFileReference; lastKnownFileType = sourcecode.swift; path = StoreManager.swift; sourceTree = "<group>"; };
		CCDE00000000000000000015 /* NotificationService.swift */ = {isa = PBXFileReference; lastKnownFileType = sourcecode.swift; path = NotificationService.swift; sourceTree = "<group>"; };
		CCDE00000000000000000018 /* UsageTracker.swift */ = {isa = PBXFileReference; lastKnownFileType = sourcecode.swift; path = UsageTracker.swift; sourceTree = "<group>"; };
		CCORBIT001122334455667700 /* OrbitLogoView.swift */ = {isa = PBXFileReference; lastKnownFileType = sourcecode.swift; path = OrbitLogoView.swift; sourceTree = "<group>"; };
/* End PBXFileReference section */

/* Begin PBXFileSystemSynchronizedRootGroup section */
		CCD1CE0B2F5C55FC00566BCF /* OrionOrbTests */ = {
			isa = PBXFileSystemSynchronizedRootGroup;
			path = OrionOrbTests;
			sourceTree = "<group>";
		};
		CCD1CE152F5C55FC00566BCF /* Prompt28UITests */ = {
			isa = PBXFileSystemSynchronizedRootGroup;
			path = Prompt28UITests;
			sourceTree = "<group>";
		};
/* End PBXFileSystemSynchronizedRootGroup section */

/* Begin PBXFrameworksBuildPhase section */
		CCD1CDF62F5C55F700566BCF /* Frameworks */ = {
			isa = PBXFrameworksBuildPhase;
			buildActionMask = 2147483647;
			files = (
				CC564D082F5FD40F008BE78E /* GoogleSignIn in Frameworks */,
				CC564D0A2F5FD416008BE78E /* GoogleSignInSwift in Frameworks */,
				CCE5A6052F6B190900F16A24 /* Supabase in Frameworks */,
			);
			runOnlyForDeploymentPostprocessing = 0;
		};
		CCD1CE052F5C55FC00566BCF /* Frameworks */ = {
			isa = PBXFrameworksBuildPhase;
			buildActionMask = 2147483647;
			files = (
			);
			runOnlyForDeploymentPostprocessing = 0;
		};
		CCD1CE0F2F5C55FC00566BCF /* Frameworks */ = {
			isa = PBXFrameworksBuildPhase;
			buildActionMask = 2147483647;
			files = (
			);
			runOnlyForDeploymentPostprocessing = 0;
		};
/* End PBXFrameworksBuildPhase section */

/* Begin PBXGroup section */
		CC564D062F5FD40F008BE78E /* Frameworks */ = {
			isa = PBXGroup;
			children = (
			);
			name = Frameworks;
			sourceTree = "<group>";
		};
		CCAA00001100000000000020 /* Protocols */ = {
			isa = PBXGroup;
			children = (
			);
			path = Protocols;
			sourceTree = "<group>";
		};
		CCAB0B522F5D780200C29A7E /* Routing */ = {
			isa = PBXGroup;
			children = (
				CCAB0B512F5D780200C29A7E /* AppRouter.swift */,
			);
			path = Routing;
			sourceTree = "<group>";
		};
		CCAB0B552F5D780200C29A7E /* App */ = {
			isa = PBXGroup;
			children = (
				CCAB0B522F5D780200C29A7E /* Routing */,
				CCAB0B532F5D780200C29A7E /* AppEnvironment.swift */,
				CCA100001122334455667704 /* PremiumTabScreen.swift */,
				CCAB0B542F5D780200C29A7E /* RootView.swift */,
				CCAB0BF02F5D780200C29A7E /* AppUI.swift */,
			);
			path = App;
			sourceTree = "<group>";
		};
		CCAB0B582F5D780200C29A7E /* Audio */ = {
			isa = PBXGroup;
			children = (
				CCAB0B562F5D780200C29A7E /* OrbEngine.swift */,
				CCAB0B572F5D780200C29A7E /* SpeechRecognizerService.swift */,
			);
			path = Audio;
			sourceTree = "<group>";
		};
		CCAB0B5C2F5D780200C29A7E /* Auth */ = {
			isa = PBXGroup;
			children = (
				CCAB0B592F5D780200C29A7E /* AuthManager.swift */,
				CCAB0B5A2F5D780200C29A7E /* KeychainService.swift */,
				CCAB0B5B2F5D780200C29A7E /* OAuthCoordinator.swift */,
				CCAA00001100000000000001 /* SupabaseConfig.swift */,
			);
			path = Auth;
			sourceTree = "<group>";
		};
		CCAB0B612F5D780200C29A7E /* Networking */ = {
			isa = PBXGroup;
			children = (
				CCAB0B5D2F5D780200C29A7E /* APIClient.swift */,
				CCAB0B5E2F5D780200C29A7E /* APIEndpoint.swift */,
				CCAB0B5F2F5D780200C29A7E /* NetworkError.swift */,
				CCAB0B602F5D780200C29A7E /* RequestBuilder.swift */,
			);
			path = Networking;
			sourceTree = "<group>";
		};
		CCAB0B652F5D780200C29A7E /* Storage */ = {
			isa = PBXGroup;
			children = (
				CCAB0B622F5D780200C29A7E /* HistoryStore.swift */,
				CCAB0B632F5D780200C29A7E /* PreferencesStore.swift */,
				CCAB0B642F5D780200C29A7E /* SecureStore.swift */,
			);
			path = Storage;
			sourceTree = "<group>";
		};
		CCAB0B682F5D780200C29A7E /* Utils */ = {
			isa = PBXGroup;
			children = (
				CCAB0B662F5D780200C29A7E /* Date+Extensions.swift */,
				CCAB0B672F5D780200C29A7E /* JSONCoding.swift */,
				CCDE00000000000000000001 /* HapticService.swift */,
				CCDE00000000000000000003 /* AnalyticsService.swift */,
				CCAA00001100000000000004 /* TelemetryService.swift */,
			);
			path = Utils;
			sourceTree = "<group>";
		};
		CCAB0B692F5D780200C29A7E /* Core */ = {
			isa = PBXGroup;
			children = (
				CCAB0B582F5D780200C29A7E /* Audio */,
				CCAB0B5C2F5D780200C29A7E /* Auth */,
				CCAB0B612F5D780200C29A7E /* Networking */,
				CCAB0B652F5D780200C29A7E /* Storage */,
				CCAB0B682F5D780200C29A7E /* Utils */,
				CCDE00000000000000000014 /* Store */,
				CCDE00000000000000000017 /* Notifications */,
				CCAA00001100000000000020 /* Protocols */,
			);
			path = Core;
			sourceTree = "<group>";
		};
		CCAB0B6B2F5D780200C29A7E /* ViewModels */ = {
			isa = PBXGroup;
			children = (
				CCAB0B6A2F5D780200C29A7E /* AdminViewModel.swift */,
			);
			path = ViewModels;
			sourceTree = "<group>";
		};
		CCAB0B722F5D780200C29A7E /* Views */ = {
			isa = PBXGroup;
			children = (
				CCAB0B6C2F5D780200C29A7E /* AdminCategoriesView.swift */,
				CCAB0B6D2F5D780200C29A7E /* AdminDashboardView.swift */,
				CCAB0B6E2F5D780200C29A7E /* AdminPromptEditorSheet.swift */,
				CCAB0B6F2F5D780200C29A7E /* AdminPromptsView.swift */,
				CCAB0B702F5D780200C29A7E /* AdminTextSettingsView.swift */,
				CCAB0B712F5D780200C29A7E /* AdminUnlockView.swift */,
			);
			path = Views;
			sourceTree = "<group>";
		};
		CCAB0B732F5D780200C29A7E /* Admin */ = {
			isa = PBXGroup;
			children = (
				CCAB0B6B2F5D780200C29A7E /* ViewModels */,
				CCAB0B722F5D780200C29A7E /* Views */,
			);
			path = Admin;
			sourceTree = "<group>";
		};
		CCAB0B752F5D780200C29A7E /* ViewModels */ = {
			isa = PBXGroup;
			children = (
				CCAB0B742F5D780200C29A7E /* AuthViewModel.swift */,
			);
			path = ViewModels;
			sourceTree = "<group>";
		};
		CCAB0B782F5D780200C29A7E /* Views */ = {
			isa = PBXGroup;
			children = (
				CCAB0B762F5D780200C29A7E /* AuthFlowView.swift */,
				CCAB0B772F5D780200C29A7E /* EmailAuthView.swift */,
			);
			path = Views;
			sourceTree = "<group>";
		};
		CCAB0B792F5D780200C29A7E /* Auth */ = {
			isa = PBXGroup;
			children = (
				CCAB0B752F5D780200C29A7E /* ViewModels */,
				CCAB0B782F5D780200C29A7E /* Views */,
			);
			path = Auth;
			sourceTree = "<group>";
		};
		CCAB0B7B2F5D780200C29A7E /* ViewModels */ = {
			isa = PBXGroup;
			children = (
				CCAB0B7A2F5D780200C29A7E /* HistoryViewModel.swift */,
			);
			path = ViewModels;
			sourceTree = "<group>";
		};
		CCAB0B7E2F5D780200C29A7E /* Views */ = {
			isa = PBXGroup;
			children = (
				CCAB0B7C2F5D780200C29A7E /* FavoritesView.swift */,
				CCAB0B7D2F5D780200C29A7E /* HistoryView.swift */,
			);
			path = Views;
			sourceTree = "<group>";
		};
		CCAB0B7F2F5D780200C29A7E /* History */ = {
			isa = PBXGroup;
			children = (
				CCAB0B7B2F5D780200C29A7E /* ViewModels */,
				CCAB0B7E2F5D780200C29A7E /* Views */,
			);
			path = History;
			sourceTree = "<group>";
		};
		CCAB0B822F5D780200C29A7E /* ViewModels */ = {
			isa = PBXGroup;
			children = (
				CCAB0B802F5D780200C29A7E /* GenerateViewModel.swift */,
				CCAB0B812F5D780200C29A7E /* HomeViewModel.swift */,
			);
			path = ViewModels;
			sourceTree = "<group>";
		};
		CCAB0B872F5D780200C29A7E /* Views */ = {
			isa = PBXGroup;
			children = (
				CCAB0B832F5D780200C29A7E /* HomeView.swift */,
				CCORBIT001122334455667700 /* OrbitLogoView.swift */,
				CCAB0B842F5D780200C29A7E /* OrbView.swift */,
				CCAB0C002F5D780200C29A7E /* MetalOrbView.swift */,
				CCAB0B852F5D780200C29A7E /* ResultView.swift */,
				CCAB0B862F5D780200C29A7E /* TypePromptView.swift */,
				CCA100001122334455667701 /* ShareCardView.swift */,
				CCA100001122334455667702 /* ShareCardRenderer.swift */,
				CCA100001122334455667703 /* ShareCardFileStore.swift */,
			);
			path = Views;
			sourceTree = "<group>";
		};
		CCAB0B882F5D780200C29A7E /* Home */ = {
			isa = PBXGroup;
			children = (
				CCAB0B822F5D780200C29A7E /* ViewModels */,
				CCAB0B872F5D780200C29A7E /* Views */,
			);
			path = Home;
			sourceTree = "<group>";
		};
		CCAB0B8A2F5D780200C29A7E /* ViewModels */ = {
			isa = PBXGroup;
			children = (
				CCAB0B892F5D780200C29A7E /* SettingsViewModel.swift */,
			);
			path = ViewModels;
			sourceTree = "<group>";
		};
		CCAB0B8D2F5D780200C29A7E /* Views */ = {
			isa = PBXGroup;
			children = (
				CCAB0B8B2F5D780200C29A7E /* SettingsView.swift */,
				CCAB0B8C2F5D780200C29A7E /* UpgradeView.swift */,
			);
			path = Views;
			sourceTree = "<group>";
		};
		CCAB0B8E2F5D780200C29A7E /* Settings */ = {
			isa = PBXGroup;
			children = (
				CCAB0B8A2F5D780200C29A7E /* ViewModels */,
				CCAB0B8D2F5D780200C29A7E /* Views */,
			);
			path = Settings;
			sourceTree = "<group>";
		};
		CCAB0B902F5D780200C29A7E /* ViewModels */ = {
			isa = PBXGroup;
			children = (
				CCAB0B8F2F5D780200C29A7E /* TrendingViewModel.swift */,
			);
			path = ViewModels;
			sourceTree = "<group>";
		};
		CCAB0B932F5D780200C29A7E /* Views */ = {
			isa = PBXGroup;
			children = (
				CCAB0B912F5D780200C29A7E /* PromptDetailView.swift */,
				CCAB0B922F5D780200C29A7E /* TrendingView.swift */,
			);
			path = Views;
			sourceTree = "<group>";
		};
		CCAB0B942F5D780200C29A7E /* Trending */ = {
			isa = PBXGroup;
			children = (
				CCAB0B902F5D780200C29A7E /* ViewModels */,
				CCAB0B932F5D780200C29A7E /* Views */,
			);
			path = Trending;
			sourceTree = "<group>";
		};
		CCAB0B952F5D780200C29A7E /* Features */ = {
			isa = PBXGroup;
			children = (
				CCAB0B732F5D780200C29A7E /* Admin */,
				CCAB0B792F5D780200C29A7E /* Auth */,
				CCAB0B7F2F5D780200C29A7E /* History */,
				CCAB0B882F5D780200C29A7E /* Home */,
				CCDE00000000000000000009 /* Onboarding */,
				CCDE0000000000000000001A /* Privacy */,
				CCAB0B8E2F5D780200C29A7E /* Settings */,
				CCAB0B942F5D780200C29A7E /* Trending */,
			);
			path = Features;
			sourceTree = "<group>";
		};
		CCAB0B9B2F5D780200C29A7E /* API */ = {
			isa = PBXGroup;
			children = (
				CCAB0B962F5D780200C29A7E /* AuthModels.swift */,
				CCAB0B972F5D780200C29A7E /* GenerateModels.swift */,
				CCAB0B982F5D780200C29A7E /* PromptCatalogModels.swift */,
				CCAB0B992F5D780200C29A7E /* SettingsModels.swift */,
				CCAB0B9A2F5D780200C29A7E /* User.swift */,
			);
			path = API;
			sourceTree = "<group>";
		};
		CCAB0B9E2F5D780200C29A7E /* Local */ = {
			isa = PBXGroup;
			children = (
				CCAB0B9C2F5D780200C29A7E /* AppPreferences.swift */,
				CCAB0B9D2F5D780200C29A7E /* PromptHistoryItem.swift */,
			);
			path = Local;
			sourceTree = "<group>";
		};
		CCAB0B9F2F5D780200C29A7E /* Models */ = {
			isa = PBXGroup;
			children = (
				CCAB0B9B2F5D780200C29A7E /* API */,
				CCAB0B9E2F5D780200C29A7E /* Local */,
			);
			path = Models;
			sourceTree = "<group>";
		};
		CCAB0BA02F5D780200C29A7E /* Preview Content */ = {
			isa = PBXGroup;
			children = (
			);
			path = "Preview Content";
			sourceTree = "<group>";
		};
		CCAB0BA22F5D780200C29A7E /* Resources */ = {
			isa = PBXGroup;
			children = (
				CCAB0BA02F5D780200C29A7E /* Preview Content */,
				CCAB0BA12F5D780200C29A7E /* Assets.xcassets */,
			);
			path = Resources;
			sourceTree = "<group>";
		};
		CCAB0BA92F5D780200C29A7E /* PromptMeNativeUITests */ = {
			isa = PBXGroup;
			children = (
			);
			path = PromptMeNativeUITests;
			sourceTree = "<group>";
		};
		CCAB0BAA2F5D780200C29A7E /* UITests */ = {
			isa = PBXGroup;
			children = (
				CCAB0BA92F5D780200C29A7E /* PromptMeNativeUITests */,
			);
			path = UITests;
			sourceTree = "<group>";
		};
		CCAB0BAC2F5D780200C29A7E /* PromptMeNative_Blueprint */ = {
			isa = PBXGroup;
			children = (
				CCAB0B552F5D780200C29A7E /* App */,
				CCAB0B692F5D780200C29A7E /* Core */,
				CCAB0B952F5D780200C29A7E /* Features */,
				CCAB0B9F2F5D780200C29A7E /* Models */,
				CCAB0BA22F5D780200C29A7E /* Resources */,
				CCAB0BAA2F5D780200C29A7E /* UITests */,
				CCAB0BAB2F5D780200C29A7E /* OrionOrbApp.swift */,
				CCDE00000000000000000007 /* PrivacyInfo.xcprivacy */,
			);
			path = PromptMeNative_Blueprint;
			sourceTree = "<group>";
		};
		CCD1CDF02F5C55F700566BCF = {
			isa = PBXGroup;
			children = (
				CCAB0BAC2F5D780200C29A7E /* PromptMeNative_Blueprint */,
				CCD1CE0B2F5C55FC00566BCF /* OrionOrbTests */,
				CCD1CE152F5C55FC00566BCF /* Prompt28UITests */,
				CC564D062F5FD40F008BE78E /* Frameworks */,
				CCD1CDFA2F5C55F700566BCF /* Products */,
			);
			sourceTree = "<group>";
		};
		CCD1CDFA2F5C55F700566BCF /* Products */ = {
			isa = PBXGroup;
			children = (
				CCD1CDF92F5C55F700566BCF /* Prompt28.app */,
				CCD1CE082F5C55FC00566BCF /* Prompt28Tests.xctest */,
				CCD1CE122F5C55FC00566BCF /* Prompt28UITests.xctest */,
			);
			name = Products;
			sourceTree = "<group>";
		};
		CCDE00000000000000000009 /* Onboarding */ = {
			isa = PBXGroup;
			children = (
				CCDE0000000000000000000A /* Views */,
			);
			path = Onboarding;
			sourceTree = "<group>";
		};
		CCDE0000000000000000000A /* Views */ = {
			isa = PBXGroup;
			children = (
				);
			path = Views;
			sourceTree = "<group>";
		};
		CCDE00000000000000000014 /* Store */ = {
			isa = PBXGroup;
			children = (
				CCDE00000000000000000010 /* StoreConfig.swift */,
				CCDE00000000000000000012 /* StoreManager.swift */,
				CCDE00000000000000000018 /* UsageTracker.swift */,
			);
			path = Store;
			sourceTree = "<group>";
		};
		CCDE00000000000000000017 /* Notifications */ = {
			isa = PBXGroup;
			children = (
				CCDE00000000000000000015 /* NotificationService.swift */,
			);
			path = Notifications;
			sourceTree = "<group>";
		};
		CCDE0000000000000000001A /* Privacy */ = {
			isa = PBXGroup;
			children = (
			);
			path = Privacy;
			sourceTree = "<group>";
		};
/* End PBXGroup section */

/* Begin PBXNativeTarget section */
		CCD1CDF82F5C55F700566BCF /* Prompt28 */ = {
			isa = PBXNativeTarget;
			buildConfigurationList = CCD1CE1C2F5C55FC00566BCF /* Build configuration list for PBXNativeTarget "Prompt28" */;
			buildPhases = (
				CCD1CDF52F5C55F700566BCF /* Sources */,
				CCD1CDF62F5C55F700566BCF /* Frameworks */,
				CCD1CDF72F5C55F700566BCF /* Resources */,
			);
			buildRules = (
			);
			dependencies = (
			);
			name = Prompt28;
			packageProductDependencies = (
				CC564D072F5FD40F008BE78E /* GoogleSignIn */,
				CC564D092F5FD416008BE78E /* GoogleSignInSwift */,
				CCE5A6042F6B190900F16A24 /* Supabase */,
			);
			productName = Prompt28;
			productReference = CCD1CDF92F5C55F700566BCF /* Prompt28.app */;
			productType = "com.apple.product-type.application";
		};
		CCD1CE072F5C55FC00566BCF /* Prompt28Tests */ = {
			isa = PBXNativeTarget;
			buildConfigurationList = CCD1CE1F2F5C55FC00566BCF /* Build configuration list for PBXNativeTarget "Prompt28Tests" */;
			buildPhases = (
				CCD1CE042F5C55FC00566BCF /* Sources */,
				CCD1CE052F5C55FC00566BCF /* Frameworks */,
				CCD1CE062F5C55FC00566BCF /* Resources */,
			);
			buildRules = (
			);
			dependencies = (
				CCD1CE0A2F5C55FC00566BCF /* PBXTargetDependency */,
			);
			fileSystemSynchronizedGroups = (
				CCD1CE0B2F5C55FC00566BCF /* OrionOrbTests */,
			);
			name = Prompt28Tests;
			packageProductDependencies = (
			);
			productName = Prompt28Tests;
			productReference = CCD1CE082F5C55FC00566BCF /* Prompt28Tests.xctest */;
			productType = "com.apple.product-type.bundle.unit-test";
		};
		CCD1CE112F5C55FC00566BCF /* Prompt28UITests */ = {
			isa = PBXNativeTarget;
			buildConfigurationList = CCD1CE222F5C55FC00566BCF /* Build configuration list for PBXNativeTarget "Prompt28UITests" */;
			buildPhases = (
				CCD1CE0E2F5C55FC00566BCF /* Sources */,
				CCD1CE0F2F5C55FC00566BCF /* Frameworks */,
				CCD1CE102F5C55FC00566BCF /* Resources */,
			);
			buildRules = (
			);
			dependencies = (
				CCD1CE142F5C55FC00566BCF /* PBXTargetDependency */,
			);
			fileSystemSynchronizedGroups = (
				CCD1CE152F5C55FC00566BCF /* Prompt28UITests */,
			);
			name = Prompt28UITests;
			packageProductDependencies = (
			);
			productName = Prompt28UITests;
			productReference = CCD1CE122F5C55FC00566BCF /* Prompt28UITests.xctest */;
			productType = "com.apple.product-type.bundle.ui-testing";
		};
/* End PBXNativeTarget section */

/* Begin PBXProject section */
		CCD1CDF12F5C55F700566BCF /* Project object */ = {
			isa = PBXProject;
			attributes = {
				BuildIndependentTargetsInParallel = 1;
				LastSwiftUpdateCheck = 2630;
				LastUpgradeCheck = 2630;
				TargetAttributes = {
					CCD1CDF82F5C55F700566BCF = {
						CreatedOnToolsVersion = 26.3;
					};
					CCD1CE072F5C55FC00566BCF = {
						CreatedOnToolsVersion = 26.3;
						TestTargetID = CCD1CDF82F5C55F700566BCF;
					};
					CCD1CE112F5C55FC00566BCF = {
						CreatedOnToolsVersion = 26.3;
						TestTargetID = CCD1CDF82F5C55F700566BCF;
					};
				};
			};
			buildConfigurationList = CCD1CDF42F5C55F700566BCF /* Build configuration list for PBXProject "Prompt28" */;
			developmentRegion = en;
			hasScannedForEncodings = 0;
			knownRegions = (
				en,
				Base,
			);
			mainGroup = CCD1CDF02F5C55F700566BCF;
			minimizedProjectReferenceProxies = 1;
			packageReferences = (
				CC02DFF62F5DE13F00A1F3B2 /* XCRemoteSwiftPackageReference "GoogleSignIn-iOS" */,
				CCE5A6032F6B190900F16A24 /* XCRemoteSwiftPackageReference "supabase-swift" */,
			);
			preferredProjectObjectVersion = 77;
			productRefGroup = CCD1CDFA2F5C55F700566BCF /* Products */;
			projectDirPath = "";
			projectRoot = "";
			targets = (
				CCD1CDF82F5C55F700566BCF /* Prompt28 */,
				CCD1CE072F5C55FC00566BCF /* Prompt28Tests */,
				CCD1CE112F5C55FC00566BCF /* Prompt28UITests */,
			);
		};
/* End PBXProject section */

/* Begin PBXResourcesBuildPhase section */
		CCD1CDF72F5C55F700566BCF /* Resources */ = {
			isa = PBXResourcesBuildPhase;
			buildActionMask = 2147483647;
			files = (
				CCAB0BA1ASSET00000C29A7E /* Assets.xcassets in Resources */,
				CCDE00000000000000000008 /* PrivacyInfo.xcprivacy in Resources */,
			);
			runOnlyForDeploymentPostprocessing = 0;
		};
		CCD1CE062F5C55FC00566BCF /* Resources */ = {
			isa = PBXResourcesBuildPhase;
			buildActionMask = 2147483647;
			files = (
			);
			runOnlyForDeploymentPostprocessing = 0;
		};
		CCD1CE102F5C55FC00566BCF /* Resources */ = {
			isa = PBXResourcesBuildPhase;
			buildActionMask = 2147483647;
			files = (
			);
			runOnlyForDeploymentPostprocessing = 0;
		};
/* End PBXResourcesBuildPhase section */

/* Begin PBXSourcesBuildPhase section */
		CCD1CDF52F5C55F700566BCF /* Sources */ = {
			isa = PBXSourcesBuildPhase;
			buildActionMask = 2147483647;
			files = (
				CCA100001122334455667714 /* PremiumTabScreen.swift in Sources */,
				CCA100001122334455667713 /* ShareCardFileStore.swift in Sources */,
				CCA100001122334455667712 /* ShareCardRenderer.swift in Sources */,
				CCA100001122334455667711 /* ShareCardView.swift in Sources */,
				CCAB0BAD2F5D780200C29A7E /* TypePromptView.swift in Sources */,
				CCAB0BAF2F5D780200C29A7E /* HistoryView.swift in Sources */,
				CCAB0BB02F5D780200C29A7E /* FavoritesView.swift in Sources */,
				CCAB0BB12F5D780200C29A7E /* UpgradeView.swift in Sources */,
				CCAB0BB22F5D780200C29A7E /* AppPreferences.swift in Sources */,
				CCAB0BB52F5D780200C29A7E /* ResultView.swift in Sources */,
				CCAB0BB62F5D780200C29A7E /* TrendingViewModel.swift in Sources */,
				CCAB0BB72F5D780200C29A7E /* OrbEngine.swift in Sources */,
				CCAB0BB82F5D780200C29A7E /* OrbView.swift in Sources */,
				CCAB0C012F5D780200C29A7E /* MetalOrbView.swift in Sources */,
				CCAB0BB92F5D780200C29A7E /* AdminCategoriesView.swift in Sources */,
				CCAB0BBA2F5D780200C29A7E /* KeychainService.swift in Sources */,
				CCAB0BBB2F5D780200C29A7E /* PromptHistoryItem.swift in Sources */,
				CCAB0BBC2F5D780200C29A7E /* NetworkError.swift in Sources */,
				CCAB0BBE2F5D780200C29A7E /* GenerateModels.swift in Sources */,
				CCAB0BBF2F5D780200C29A7E /* HistoryViewModel.swift in Sources */,
				CCAB0BC02F5D780200C29A7E /* OrionOrbApp.swift in Sources */,
				CCAB0BC12F5D780200C29A7E /* OAuthCoordinator.swift in Sources */,
				CCAB0BC22F5D780200C29A7E /* AuthModels.swift in Sources */,
				CCAB0BC32F5D780200C29A7E /* SpeechRecognizerService.swift in Sources */,
				CCAB0BC42F5D780200C29A7E /* EmailAuthView.swift in Sources */,
				CCAB0BC52F5D780200C29A7E /* AppEnvironment.swift in Sources */,
				CCAB0BC62F5D780200C29A7E /* AuthManager.swift in Sources */,
				CCAB0BC72F5D780200C29A7E /* AdminTextSettingsView.swift in Sources */,
				CCAB0BC82F5D780200C29A7E /* AdminPromptsView.swift in Sources */,
				CCAB0BC92F5D780200C29A7E /* RootView.swift in Sources */,
				CCAB0BCA2F5D780200C29A7E /* AdminDashboardView.swift in Sources */,
				CCAB0BCB2F5D780200C29A7E /* SettingsModels.swift in Sources */,
				CCAB0BCC2F5D780200C29A7E /* Date+Extensions.swift in Sources */,
				CCAB0BCD2F5D780200C29A7E /* AuthViewModel.swift in Sources */,
				CCAB0BCE2F5D780200C29A7E /* AuthFlowView.swift in Sources */,
				CCAB0BCF2F5D780200C29A7E /* APIEndpoint.swift in Sources */,
				CCAB0BD02F5D780200C29A7E /* PromptCatalogModels.swift in Sources */,
				CCAB0BD12F5D780200C29A7E /* PromptDetailView.swift in Sources */,
				CCAB0BD22F5D780200C29A7E /* AdminUnlockView.swift in Sources */,
				CCAB0BD32F5D780200C29A7E /* HistoryStore.swift in Sources */,
				CCAB0BD42F5D780200C29A7E /* RequestBuilder.swift in Sources */,
				CCAB0BD52F5D780200C29A7E /* User.swift in Sources */,
				CCAB0BD72F5D780200C29A7E /* SecureStore.swift in Sources */,
				CCAB0BD92F5D780200C29A7E /* APIClient.swift in Sources */,
				CCAB0BDA2F5D780200C29A7E /* AdminViewModel.swift in Sources */,
				CCAB0BDB2F5D780200C29A7E /* JSONCoding.swift in Sources */,
				CCAB0BDC2F5D780200C29A7E /* PreferencesStore.swift in Sources */,
				CCAB0BDD2F5D780200C29A7E /* AppRouter.swift in Sources */,
				CCAB0BDE2F5D780200C29A7E /* SettingsViewModel.swift in Sources */,
				CCAB0BDF2F5D780200C29A7E /* AdminPromptEditorSheet.swift in Sources */,
				CCAB0BE02F5D780200C29A7E /* GenerateViewModel.swift in Sources */,
				CCAB0BE12F5D780200C29A7E /* SettingsView.swift in Sources */,
				CCAB0BE22F5D780200C29A7E /* TrendingView.swift in Sources */,
				CCAB0BE32F5D780200C29A7E /* HomeView.swift in Sources */,
				CCORBIT001122334455667701 /* OrbitLogoView.swift in Sources */,
				CCAB0BF12F5D780200C29A7E /* AppUI.swift in Sources */,
				CCAB0BF22F5D780200C29A7E /* HomeViewModel.swift in Sources */,
				CCDE00000000000000000002 /* HapticService.swift in Sources */,
				CCDE00000000000000000004 /* AnalyticsService.swift in Sources */,
				CCDE00000000000000000011 /* StoreConfig.swift in Sources */,
				CCDE00000000000000000013 /* StoreManager.swift in Sources */,
				CCDE00000000000000000019 /* UsageTracker.swift in Sources */,
				CCDE00000000000000000016 /* NotificationService.swift in Sources */,
				CCAA00001100000000000011 /* SupabaseConfig.swift in Sources */,
				CCAA00001100000000000014 /* TelemetryService.swift in Sources */,
			);
			runOnlyForDeploymentPostprocessing = 0;
		};
		CCD1CE042F5C55FC00566BCF /* Sources */ = {
			isa = PBXSourcesBuildPhase;
			buildActionMask = 2147483647;
			files = (
			);
			runOnlyForDeploymentPostprocessing = 0;
		};
		CCD1CE0E2F5C55FC00566BCF /* Sources */ = {
			isa = PBXSourcesBuildPhase;
			buildActionMask = 2147483647;
			files = (
			);
			runOnlyForDeploymentPostprocessing = 0;
		};
/* End PBXSourcesBuildPhase section */

/* Begin PBXTargetDependency section */
		CCD1CE0A2F5C55FC00566BCF /* PBXTargetDependency */ = {
			isa = PBXTargetDependency;
			target = CCD1CDF82F5C55F700566BCF /* Prompt28 */;
			targetProxy = CCD1CE092F5C55FC00566BCF /* PBXContainerItemProxy */;
		};
		CCD1CE142F5C55FC00566BCF /* PBXTargetDependency */ = {
			isa = PBXTargetDependency;
			target = CCD1CDF82F5C55F700566BCF /* Prompt28 */;
			targetProxy = CCD1CE132F5C55FC00566BCF /* PBXContainerItemProxy */;
		};
/* End PBXTargetDependency section */

/* Begin XCBuildConfiguration section */
		CCD1CE1A2F5C55FC00566BCF /* Debug */ = {
			isa = XCBuildConfiguration;
			buildSettings = {
				ALWAYS_SEARCH_USER_PATHS = NO;
				ASSETCATALOG_COMPILER_GENERATE_SWIFT_ASSET_SYMBOL_EXTENSIONS = YES;
				CLANG_ANALYZER_NONNULL = YES;
				CLANG_ANALYZER_NUMBER_OBJECT_CONVERSION = YES_AGGRESSIVE;
				CLANG_CXX_LANGUAGE_STANDARD = "gnu++20";
				CLANG_ENABLE_MODULES = YES;
				CLANG_ENABLE_OBJC_ARC = YES;
				CLANG_ENABLE_OBJC_WEAK = YES;
				CLANG_WARN_BLOCK_CAPTURE_AUTORELEASING = YES;
				CLANG_WARN_BOOL_CONVERSION = YES;
				CLANG_WARN_COMMA = YES;
				CLANG_WARN_CONSTANT_CONVERSION = YES;
				CLANG_WARN_DEPRECATED_OBJC_IMPLEMENTATIONS = YES;
				CLANG_WARN_DIRECT_OBJC_ISA_USAGE = YES_ERROR;
				CLANG_WARN_DOCUMENTATION_COMMENTS = YES;
				CLANG_WARN_EMPTY_BODY = YES;
				CLANG_WARN_ENUM_CONVERSION = YES;
				CLANG_WARN_INFINITE_RECURSION = YES;
				CLANG_WARN_INT_CONVERSION = YES;
				CLANG_WARN_NON_LITERAL_NULL_CONVERSION = YES;
				CLANG_WARN_OBJC_IMPLICIT_RETAIN_SELF = YES;
				CLANG_WARN_OBJC_LITERAL_CONVERSION = YES;
				CLANG_WARN_OBJC_ROOT_CLASS = YES_ERROR;
				CLANG_WARN_QUOTED_INCLUDE_IN_FRAMEWORK_HEADER = YES;
				CLANG_WARN_RANGE_LOOP_ANALYSIS = YES;
				CLANG_WARN_STRICT_PROTOTYPES = YES;
				CLANG_WARN_SUSPICIOUS_MOVE = YES;
				CLANG_WARN_UNGUARDED_AVAILABILITY = YES_AGGRESSIVE;
				CLANG_WARN_UNREACHABLE_CODE = YES;
				CLANG_WARN__DUPLICATE_METHOD_MATCH = YES;
				COPY_PHASE_STRIP = NO;
				DEBUG_INFORMATION_FORMAT = dwarf;
				DEVELOPMENT_TEAM = A2295U45FN;
				ENABLE_STRICT_OBJC_MSGSEND = YES;
				ENABLE_TESTABILITY = YES;
				ENABLE_USER_SCRIPT_SANDBOXING = YES;
				GCC_C_LANGUAGE_STANDARD = gnu17;
				GCC_DYNAMIC_NO_PIC = NO;
				GCC_NO_COMMON_BLOCKS = YES;
				GCC_OPTIMIZATION_LEVEL = 0;
				GCC_PREPROCESSOR_DEFINITIONS = (
					"DEBUG=1",
					"$(inherited)",
				);
				GCC_WARN_64_TO_32_BIT_CONVERSION = YES;
				GCC_WARN_ABOUT_RETURN_TYPE = YES_ERROR;
				GCC_WARN_UNDECLARED_SELECTOR = YES;
				GCC_WARN_UNINITIALIZED_AUTOS = YES_AGGRESSIVE;
				GCC_WARN_UNUSED_FUNCTION = YES;
				GCC_WARN_UNUSED_VARIABLE = YES;
				LOCALIZATION_PREFERS_STRING_CATALOGS = YES;
				MTL_ENABLE_DEBUG_INFO = INCLUDE_SOURCE;
				MTL_FAST_MATH = YES;
				ONLY_ACTIVE_ARCH = YES;
				SWIFT_ACTIVE_COMPILATION_CONDITIONS = "DEBUG $(inherited)";
				SWIFT_OPTIMIZATION_LEVEL = "-Onone";
			};
			name = Debug;
		};
		CCD1CE1B2F5C55FC00566BCF /* Release */ = {
			isa = XCBuildConfiguration;
			buildSettings = {
				ALWAYS_SEARCH_USER_PATHS = NO;
				ASSETCATALOG_COMPILER_GENERATE_SWIFT_ASSET_SYMBOL_EXTENSIONS = YES;
				CLANG_ANALYZER_NONNULL = YES;
				CLANG_ANALYZER_NUMBER_OBJECT_CONVERSION = YES_AGGRESSIVE;
				CLANG_CXX_LANGUAGE_STANDARD = "gnu++20";
				CLANG_ENABLE_MODULES = YES;
				CLANG_ENABLE_OBJC_ARC = YES;
				CLANG_ENABLE_OBJC_WEAK = YES;
				CLANG_WARN_BLOCK_CAPTURE_AUTORELEASING = YES;
				CLANG_WARN_BOOL_CONVERSION = YES;
				CLANG_WARN_COMMA = YES;
				CLANG_WARN_CONSTANT_CONVERSION = YES;
				CLANG_WARN_DEPRECATED_OBJC_IMPLEMENTATIONS = YES;
				CLANG_WARN_DIRECT_OBJC_ISA_USAGE = YES_ERROR;
				CLANG_WARN_DOCUMENTATION_COMMENTS = YES;
				CLANG_WARN_EMPTY_BODY = YES;
				CLANG_WARN_ENUM_CONVERSION = YES;
				CLANG_WARN_INFINITE_RECURSION = YES;
				CLANG_WARN_INT_CONVERSION = YES;
				CLANG_WARN_NON_LITERAL_NULL_CONVERSION = YES;
				CLANG_WARN_OBJC_IMPLICIT_RETAIN_SELF = YES;
				CLANG_WARN_OBJC_LITERAL_CONVERSION = YES;
				CLANG_WARN_OBJC_ROOT_CLASS = YES_ERROR;
				CLANG_WARN_QUOTED_INCLUDE_IN_FRAMEWORK_HEADER = YES;
				CLANG_WARN_RANGE_LOOP_ANALYSIS = YES;
				CLANG_WARN_STRICT_PROTOTYPES = YES;
				CLANG_WARN_SUSPICIOUS_MOVE = YES;
				CLANG_WARN_UNGUARDED_AVAILABILITY = YES_AGGRESSIVE;
				CLANG_WARN_UNREACHABLE_CODE = YES;
				CLANG_WARN__DUPLICATE_METHOD_MATCH = YES;
				COPY_PHASE_STRIP = NO;
				DEBUG_INFORMATION_FORMAT = "dwarf-with-dsym";
				DEVELOPMENT_TEAM = A2295U45FN;
				ENABLE_NS_ASSERTIONS = NO;
				ENABLE_STRICT_OBJC_MSGSEND = YES;
				ENABLE_USER_SCRIPT_SANDBOXING = YES;
				GCC_C_LANGUAGE_STANDARD = gnu17;
				GCC_NO_COMMON_BLOCKS = YES;
				GCC_WARN_64_TO_32_BIT_CONVERSION = YES;
				GCC_WARN_ABOUT_RETURN_TYPE = YES_ERROR;
				GCC_WARN_UNDECLARED_SELECTOR = YES;
				GCC_WARN_UNINITIALIZED_AUTOS = YES_AGGRESSIVE;
				GCC_WARN_UNUSED_FUNCTION = YES;
				GCC_WARN_UNUSED_VARIABLE = YES;
				LOCALIZATION_PREFERS_STRING_CATALOGS = YES;
				MTL_ENABLE_DEBUG_INFO = NO;
				MTL_FAST_MATH = YES;
				SWIFT_COMPILATION_MODE = wholemodule;
			};
			name = Release;
		};
		CCD1CE1D2F5C55FC00566BCF /* Debug */ = {
			isa = XCBuildConfiguration;
			buildSettings = {
				ASSETCATALOG_COMPILER_APPICON_NAME = AppIcon;
				ASSETCATALOG_COMPILER_GLOBAL_ACCENT_COLOR_NAME = AccentColor;
				CODE_SIGN_ENTITLEMENTS = Prompt28/Prompt28.entitlements;
				CODE_SIGN_STYLE = Automatic;
				CURRENT_PROJECT_VERSION = 1;
				DEVELOPMENT_TEAM = A2295U45FN;
				ENABLE_APP_SANDBOX = YES;
				ENABLE_HARDENED_RUNTIME = YES;
				ENABLE_PREVIEWS = YES;
				ENABLE_USER_SELECTED_FILES = readonly;
				GENERATE_INFOPLIST_FILE = NO;
				INFOPLIST_FILE = Prompt28/Info.plist;
				"INFOPLIST_KEY_UIApplicationSceneManifest_Generation[sdk=iphoneos*]" = YES;
				"INFOPLIST_KEY_UIApplicationSceneManifest_Generation[sdk=iphonesimulator*]" = YES;
				"INFOPLIST_KEY_UIApplicationSupportsIndirectInputEvents[sdk=iphoneos*]" = YES;
				"INFOPLIST_KEY_UIApplicationSupportsIndirectInputEvents[sdk=iphonesimulator*]" = YES;
				"INFOPLIST_KEY_UILaunchScreen_Generation[sdk=iphoneos*]" = YES;
				"INFOPLIST_KEY_UILaunchScreen_Generation[sdk=iphonesimulator*]" = YES;
				"INFOPLIST_KEY_UIStatusBarStyle[sdk=iphoneos*]" = UIStatusBarStyleDefault;
				"INFOPLIST_KEY_UIStatusBarStyle[sdk=iphonesimulator*]" = UIStatusBarStyleDefault;
				INFOPLIST_KEY_UISupportedInterfaceOrientations_iPad = "UIInterfaceOrientationPortrait UIInterfaceOrientationPortraitUpsideDown UIInterfaceOrientationLandscapeLeft UIInterfaceOrientationLandscapeRight";
				INFOPLIST_KEY_UISupportedInterfaceOrientations_iPhone = "UIInterfaceOrientationPortrait UIInterfaceOrientationLandscapeLeft UIInterfaceOrientationLandscapeRight";
				IPHONEOS_DEPLOYMENT_TARGET = 26.2;
				LD_RUNPATH_SEARCH_PATHS = "@executable_path/Frameworks";
				"LD_RUNPATH_SEARCH_PATHS[sdk=macosx*]" = "@executable_path/../Frameworks";
				MACOSX_DEPLOYMENT_TARGET = 15.7;
				MARKETING_VERSION = 1.0;
				PRODUCT_BUNDLE_IDENTIFIER = com.prompt28.prompt28;
				PRODUCT_NAME = "$(TARGET_NAME)";
				REGISTER_APP_GROUPS = YES;
				SDKROOT = auto;
				STRING_CATALOG_GENERATE_SYMBOLS = YES;
				SUPPORTED_PLATFORMS = "iphoneos iphonesimulator macosx xros xrsimulator";
				SWIFT_APPROACHABLE_CONCURRENCY = YES;
				SWIFT_DEFAULT_ACTOR_ISOLATION = MainActor;
				SWIFT_EMIT_LOC_STRINGS = YES;
				SWIFT_UPCOMING_FEATURE_MEMBER_IMPORT_VISIBILITY = YES;
				SWIFT_VERSION = 5.0;
				TARGETED_DEVICE_FAMILY = "1,2,7";
				XROS_DEPLOYMENT_TARGET = 26.2;
			};
			name = Debug;
		};
		CCD1CE1E2F5C55FC00566BCF /* Release */ = {
			isa = XCBuildConfiguration;
			buildSettings = {
				ASSETCATALOG_COMPILER_APPICON_NAME = AppIcon;
				ASSETCATALOG_COMPILER_GLOBAL_ACCENT_COLOR_NAME = AccentColor;
				CODE_SIGN_ENTITLEMENTS = Prompt28/Prompt28.entitlements;
				CODE_SIGN_STYLE = Automatic;
				CURRENT_PROJECT_VERSION = 1;
				DEVELOPMENT_TEAM = A2295U45FN;
				ENABLE_APP_SANDBOX = YES;
				ENABLE_HARDENED_RUNTIME = YES;
				ENABLE_PREVIEWS = YES;
				ENABLE_USER_SELECTED_FILES = readonly;
				GENERATE_INFOPLIST_FILE = NO;
				INFOPLIST_FILE = Prompt28/Info.plist;
				"INFOPLIST_KEY_UIApplicationSceneManifest_Generation[sdk=iphoneos*]" = YES;
				"INFOPLIST_KEY_UIApplicationSceneManifest_Generation[sdk=iphonesimulator*]" = YES;
				"INFOPLIST_KEY_UIApplicationSupportsIndirectInputEvents[sdk=iphoneos*]" = YES;
				"INFOPLIST_KEY_UIApplicationSupportsIndirectInputEvents[sdk=iphonesimulator*]" = YES;
				"INFOPLIST_KEY_UILaunchScreen_Generation[sdk=iphoneos*]" = YES;
				"INFOPLIST_KEY_UILaunchScreen_Generation[sdk=iphonesimulator*]" = YES;
				"INFOPLIST_KEY_UIStatusBarStyle[sdk=iphoneos*]" = UIStatusBarStyleDefault;
				"INFOPLIST_KEY_UIStatusBarStyle[sdk=iphonesimulator*]" = UIStatusBarStyleDefault;
				INFOPLIST_KEY_UISupportedInterfaceOrientations_iPad = "UIInterfaceOrientationPortrait UIInterfaceOrientationPortraitUpsideDown UIInterfaceOrientationLandscapeLeft UIInterfaceOrientationLandscapeRight";
				INFOPLIST_KEY_UISupportedInterfaceOrientations_iPhone = "UIInterfaceOrientationPortrait UIInterfaceOrientationLandscapeLeft UIInterfaceOrientationLandscapeRight";
				IPHONEOS_DEPLOYMENT_TARGET = 26.2;
				LD_RUNPATH_SEARCH_PATHS = "@executable_path/Frameworks";
				"LD_RUNPATH_SEARCH_PATHS[sdk=macosx*]" = "@executable_path/../Frameworks";
				MACOSX_DEPLOYMENT_TARGET = 15.7;
				MARKETING_VERSION = 1.0;
				PRODUCT_BUNDLE_IDENTIFIER = com.prompt28.prompt28;
				PRODUCT_NAME = "$(TARGET_NAME)";
				REGISTER_APP_GROUPS = YES;
				SDKROOT = auto;
				STRING_CATALOG_GENERATE_SYMBOLS = YES;
				SUPPORTED_PLATFORMS = "iphoneos iphonesimulator macosx xros xrsimulator";
				SWIFT_APPROACHABLE_CONCURRENCY = YES;
				SWIFT_DEFAULT_ACTOR_ISOLATION = MainActor;
				SWIFT_EMIT_LOC_STRINGS = YES;
				SWIFT_UPCOMING_FEATURE_MEMBER_IMPORT_VISIBILITY = YES;
				SWIFT_VERSION = 5.0;
				TARGETED_DEVICE_FAMILY = "1,2,7";
				XROS_DEPLOYMENT_TARGET = 26.2;
			};
			name = Release;
		};
		CCD1CE202F5C55FC00566BCF /* Debug */ = {
			isa = XCBuildConfiguration;
			buildSettings = {
				BUNDLE_LOADER = "$(TEST_HOST)";
				CODE_SIGN_STYLE = Automatic;
				CURRENT_PROJECT_VERSION = 1;
				DEVELOPMENT_TEAM = A2295U45FN;
				GENERATE_INFOPLIST_FILE = YES;
				IPHONEOS_DEPLOYMENT_TARGET = 26.2;
				MACOSX_DEPLOYMENT_TARGET = 15.7;
				MARKETING_VERSION = 1.0;
				PRODUCT_BUNDLE_IDENTIFIER = com.prompt28.prompt28.Prompt28Tests;
				PRODUCT_NAME = "$(TARGET_NAME)";
				SDKROOT = auto;
				STRING_CATALOG_GENERATE_SYMBOLS = NO;
				SUPPORTED_PLATFORMS = "iphoneos iphonesimulator macosx xros xrsimulator";
				SWIFT_APPROACHABLE_CONCURRENCY = YES;
				SWIFT_EMIT_LOC_STRINGS = NO;
				SWIFT_UPCOMING_FEATURE_MEMBER_IMPORT_VISIBILITY = YES;
				SWIFT_VERSION = 5.0;
				TARGETED_DEVICE_FAMILY = "1,2,7";
				TEST_HOST = "$(BUILT_PRODUCTS_DIR)/Prompt28.app/$(BUNDLE_EXECUTABLE_FOLDER_PATH)/Prompt28";
				XROS_DEPLOYMENT_TARGET = 26.2;
			};
			name = Debug;
		};
		CCD1CE212F5C55FC00566BCF /* Release */ = {
			isa = XCBuildConfiguration;
			buildSettings = {
				BUNDLE_LOADER = "$(TEST_HOST)";
				CODE_SIGN_STYLE = Automatic;
				CURRENT_PROJECT_VERSION = 1;
				DEVELOPMENT_TEAM = A2295U45FN;
				GENERATE_INFOPLIST_FILE = YES;
				IPHONEOS_DEPLOYMENT_TARGET = 26.2;
				MACOSX_DEPLOYMENT_TARGET = 15.7;
				MARKETING_VERSION = 1.0;
				PRODUCT_BUNDLE_IDENTIFIER = com.prompt28.prompt28.Prompt28Tests;
				PRODUCT_NAME = "$(TARGET_NAME)";
				SDKROOT = auto;
				STRING_CATALOG_GENERATE_SYMBOLS = NO;
				SUPPORTED_PLATFORMS = "iphoneos iphonesimulator macosx xros xrsimulator";
				SWIFT_APPROACHABLE_CONCURRENCY = YES;
				SWIFT_EMIT_LOC_STRINGS = NO;
				SWIFT_UPCOMING_FEATURE_MEMBER_IMPORT_VISIBILITY = YES;
				SWIFT_VERSION = 5.0;
				TARGETED_DEVICE_FAMILY = "1,2,7";
				TEST_HOST = "$(BUILT_PRODUCTS_DIR)/Prompt28.app/$(BUNDLE_EXECUTABLE_FOLDER_PATH)/Prompt28";
				XROS_DEPLOYMENT_TARGET = 26.2;
			};
			name = Release;
		};
		CCD1CE232F5C55FC00566BCF /* Debug */ = {
			isa = XCBuildConfiguration;
			buildSettings = {
				CODE_SIGN_STYLE = Automatic;
				CURRENT_PROJECT_VERSION = 1;
				DEVELOPMENT_TEAM = A2295U45FN;
				GENERATE_INFOPLIST_FILE = YES;
				IPHONEOS_DEPLOYMENT_TARGET = 26.2;
				MACOSX_DEPLOYMENT_TARGET = 15.7;
				MARKETING_VERSION = 1.0;
				PRODUCT_BUNDLE_IDENTIFIER = com.nataliewhipps.prompt28;
				PRODUCT_NAME = "$(TARGET_NAME)";
				SDKROOT = auto;
				STRING_CATALOG_GENERATE_SYMBOLS = NO;
				SUPPORTED_PLATFORMS = "iphoneos iphonesimulator macosx xros xrsimulator";
				SWIFT_APPROACHABLE_CONCURRENCY = YES;
				SWIFT_EMIT_LOC_STRINGS = NO;
				SWIFT_UPCOMING_FEATURE_MEMBER_IMPORT_VISIBILITY = YES;
				SWIFT_VERSION = 5.0;
				TARGETED_DEVICE_FAMILY = "1,2,7";
				TEST_TARGET_NAME = Prompt28;
				XROS_DEPLOYMENT_TARGET = 26.2;
			};
			name = Debug;
		};
		CCD1CE242F5C55FC00566BCF /* Release */ = {
			isa = XCBuildConfiguration;
			buildSettings = {
				CODE_SIGN_STYLE = Automatic;
				CURRENT_PROJECT_VERSION = 1;
				DEVELOPMENT_TEAM = A2295U45FN;
				GENERATE_INFOPLIST_FILE = YES;
				IPHONEOS_DEPLOYMENT_TARGET = 26.2;
				MACOSX_DEPLOYMENT_TARGET = 15.7;
				MARKETING_VERSION = 1.0;
				PRODUCT_BUNDLE_IDENTIFIER = com.nataliewhipps.prompt28;
				PRODUCT_NAME = "$(TARGET_NAME)";
				SDKROOT = auto;
				STRING_CATALOG_GENERATE_SYMBOLS = NO;
				SUPPORTED_PLATFORMS = "iphoneos iphonesimulator macosx xros xrsimulator";
				SWIFT_APPROACHABLE_CONCURRENCY = YES;
				SWIFT_EMIT_LOC_STRINGS = NO;
				SWIFT_UPCOMING_FEATURE_MEMBER_IMPORT_VISIBILITY = YES;
				SWIFT_VERSION = 5.0;
				TARGETED_DEVICE_FAMILY = "1,2,7";
				TEST_TARGET_NAME = Prompt28;
				XROS_DEPLOYMENT_TARGET = 26.2;
			};
			name = Release;
		};
/* End XCBuildConfiguration section */

/* Begin XCConfigurationList section */
		CCD1CDF42F5C55F700566BCF /* Build configuration list for PBXProject "Prompt28" */ = {
			isa = XCConfigurationList;
			buildConfigurations = (
				CCD1CE1A2F5C55FC00566BCF /* Debug */,
				CCD1CE1B2F5C55FC00566BCF /* Release */,
			);
			defaultConfigurationIsVisible = 0;
			defaultConfigurationName = Release;
		};
		CCD1CE1C2F5C55FC00566BCF /* Build configuration list for PBXNativeTarget "Prompt28" */ = {
			isa = XCConfigurationList;
			buildConfigurations = (
				CCD1CE1D2F5C55FC00566BCF /* Debug */,
				CCD1CE1E2F5C55FC00566BCF /* Release */,
			);
			defaultConfigurationIsVisible = 0;
			defaultConfigurationName = Release;
		};
		CCD1CE1F2F5C55FC00566BCF /* Build configuration list for PBXNativeTarget "Prompt28Tests" */ = {
			isa = XCConfigurationList;
			buildConfigurations = (
				CCD1CE202F5C55FC00566BCF /* Debug */,
				CCD1CE212F5C55FC00566BCF /* Release */,
			);
			defaultConfigurationIsVisible = 0;
			defaultConfigurationName = Release;
		};
		CCD1CE222F5C55FC00566BCF /* Build configuration list for PBXNativeTarget "Prompt28UITests" */ = {
			isa = XCConfigurationList;
			buildConfigurations = (
				CCD1CE232F5C55FC00566BCF /* Debug */,
				CCD1CE242F5C55FC00566BCF /* Release */,
			);
			defaultConfigurationIsVisible = 0;
			defaultConfigurationName = Release;
		};
/* End XCConfigurationList section */

/* Begin XCRemoteSwiftPackageReference section */
		CC02DFF62F5DE13F00A1F3B2 /* XCRemoteSwiftPackageReference "GoogleSignIn-iOS" */ = {
			isa = XCRemoteSwiftPackageReference;
			repositoryURL = "https://github.com/google/GoogleSignIn-iOS";
			requirement = {
				kind = upToNextMajorVersion;
				minimumVersion = 9.1.0;
			};
		};
		CCE5A6032F6B190900F16A24 /* XCRemoteSwiftPackageReference "supabase-swift" */ = {
			isa = XCRemoteSwiftPackageReference;
			repositoryURL = "https://github.com/supabase/supabase-swift";
			requirement = {
				kind = upToNextMajorVersion;
				minimumVersion = 2.0.0;
			};
		};
/* End XCRemoteSwiftPackageReference section */

/* Begin XCSwiftPackageProductDependency section */
		CC564D072F5FD40F008BE78E /* GoogleSignIn */ = {
			isa = XCSwiftPackageProductDependency;
			package = CC02DFF62F5DE13F00A1F3B2 /* XCRemoteSwiftPackageReference "GoogleSignIn-iOS" */;
			productName = GoogleSignIn;
		};
		CC564D092F5FD416008BE78E /* GoogleSignInSwift */ = {
			isa = XCSwiftPackageProductDependency;
			package = CC02DFF62F5DE13F00A1F3B2 /* XCRemoteSwiftPackageReference "GoogleSignIn-iOS" */;
			productName = GoogleSignInSwift;
		};
		CCE5A6042F6B190900F16A24 /* Supabase */ = {
			isa = XCSwiftPackageProductDependency;
			package = CCE5A6032F6B190900F16A24 /* XCRemoteSwiftPackageReference "supabase-swift" */;
			productName = Supabase;
		};
/* End XCSwiftPackageProductDependency section */
	};
	rootObject = CCD1CDF12F5C55F700566BCF /* Project object */;
}
